
Microsoft Visual Studio Solution File, Format Version 12.00
# Visual Studio 2013
VisualStudioVersion = 12.0.30723.0
MinimumVisualStudioVersion = 10.0.40219.1
Project("{FAE04EC0-301F-11D3-BF4B-00C04F79EFBC}") = "SSVEP", "SSVEP\SSVEP\SSVEP.csproj", "{6EEF8A04-FB75-4554-8B07-DFD67B988E2C}"
EndProject
Project("{FAE04EC0-301F-11D3-BF4B-00C04F79EFBC}") = "SSVEPContent", "SSVEP\SSVEPContent\SSVEPContent.contentproj", "{6698BE8F-008C-47A0-8E08-A7F029986E73}"
EndProject
Project("{FAE04EC0-301F-11D3-BF4B-00C04F79EFBC}") = "MSeq", "MSeq\MSeq\MSeq.csproj", "{1E315BBA-89FA-45EB-9BE8-5D8C18A0FCDF}"
EndProject
Project("{FAE04EC0-301F-11D3-BF4B-00C04F79EFBC}") = "MSeqContent", "MSeq\MSeqContent\MSeqContent.contentproj", "{A5D6BD48-3CFF-4F4B-92F3-0C52E0D9D85F}"
EndProject
Project("{FAE04EC0-301F-11D3-BF4B-00C04F79EFBC}") = "MSeq1Box", "MSeq1Box\MSeq1Box\MSeq1Box.csproj", "{AFE6CC22-6555-4B01-BC98-5CEE6B861D4A}"
EndProject
Project("{96E2B04D-8817-42C6-938A-82C39BA4D311}") = "MSeq1BoxContent", "MSeq1Box\MSeq1BoxContent\MSeq1BoxContent.contentproj", "{1F61CA1F-BB74-4669-B435-19EBC5D69CD5}"
EndProject
Global
	GlobalSection(SolutionConfigurationPlatforms) = preSolution
		Debug|x86 = Debug|x86
		Release|x86 = Release|x86
	EndGlobalSection
	GlobalSection(ProjectConfigurationPlatforms) = postSolution
		{6EEF8A04-FB75-4554-8B07-DFD67B988E2C}.Debug|x86.ActiveCfg = Debug|x86
		{6EEF8A04-FB75-4554-8B07-DFD67B988E2C}.Debug|x86.Build.0 = Debug|x86
		{6EEF8A04-FB75-4554-8B07-DFD67B988E2C}.Release|x86.ActiveCfg = Release|x86
		{6EEF8A04-FB75-4554-8B07-DFD67B988E2C}.Release|x86.Build.0 = Release|x86
		{6698BE8F-008C-47A0-8E08-A7F029986E73}.Debug|x86.ActiveCfg = Debug|x86
		{6698BE8F-008C-47A0-8E08-A7F029986E73}.Release|x86.ActiveCfg = Release|x86
		{1E315BBA-89FA-45EB-9BE8-5D8C18A0FCDF}.Debug|x86.ActiveCfg = Debug|x86
		{1E315BBA-89FA-45EB-9BE8-5D8C18A0FCDF}.Debug|x86.Build.0 = Debug|x86
		{1E315BBA-89FA-45EB-9BE8-5D8C18A0FCDF}.Release|x86.ActiveCfg = Release|x86
		{1E315BBA-89FA-45EB-9BE8-5D8C18A0FCDF}.Release|x86.Build.0 = Release|x86
		{A5D6BD48-3CFF-4F4B-92F3-0C52E0D9D85F}.Debug|x86.ActiveCfg = Debug|x86
		{A5D6BD48-3CFF-4F4B-92F3-0C52E0D9D85F}.Release|x86.ActiveCfg = Release|x86
		{AFE6CC22-6555-4B01-BC98-5CEE6B861D4A}.Debug|x86.ActiveCfg = Debug|x86
		{AFE6CC22-6555-4B01-BC98-5CEE6B861D4A}.Debug|x86.Build.0 = Debug|x86
		{AFE6CC22-6555-4B01-BC98-5CEE6B861D4A}.Release|x86.ActiveCfg = Release|x86
		{AFE6CC22-6555-4B01-BC98-5CEE6B861D4A}.Release|x86.Build.0 = Release|x86
		{1F61CA1F-BB74-4669-B435-19EBC5D69CD5}.Debug|x86.ActiveCfg = Debug|x86
		{1F61CA1F-BB74-4669-B435-19EBC5D69CD5}.Release|x86.ActiveCfg = Release|x86
	EndGlobalSection
	GlobalSection(SolutionProperties) = preSolution
		HideSolutionNode = FALSE
	EndGlobalSection
EndGlobal
